Microsoft Visual Studio Solution File, Format Version 12.00
# Visual Studio Version 17
VisualStudioVersion = 17.5.2.0
MinimumVisualStudioVersion = 10.0.40219.1
Project("{FAE04EC0-301F-11D3-BF4B-00C04F79EFBC}") = "VectorData", "VectorData.csproj", "{D72D1268-01CC-11C6-5BB3-6D004F3A84E7}"
EndProject
Global
	GlobalSection(SolutionConfigurationPlatforms) = preSolution
		Debug|Any CPU = Debug|Any CPU
		Release|Any CPU = Release|Any CPU
	EndGlobalSection
	GlobalSection(ProjectConfigurationPlatforms) = postSolution
		{D72D1268-01CC-11C6-5BB3-6D004F3A84E7}.Debug|Any CPU.ActiveCfg = Debug|Any CPU
		{D72D1268-01CC-11C6-5BB3-6D004F3A84E7}.Debug|Any CPU.Build.0 = Debug|Any CPU
		{D72D1268-01CC-11C6-5BB3-6D004F3A84E7}.Release|Any CPU.ActiveCfg = Release|Any CPU
		{D72D1268-01CC-11C6-5BB3-6D004F3A84E7}.Release|Any CPU.Build.0 = Release|Any CPU
	EndGlobalSection
	GlobalSection(SolutionProperties) = preSolution
		HideSolutionNode = FALSE
	EndGlobalSection
	GlobalSection(ExtensibilityGlobals) = postSolution
		SolutionGuid = {D2F609CF-5389-4F7E-A48D-2E69B000A073}
	EndGlobalSection
EndGlobal
