
Microsoft Visual Studio Solution File, Format Version 12.00
# Visual Studio Version 17
VisualStudioVersion = 17.12.35707.178 d17.12
MinimumVisualStudioVersion = 10.0.40219.1
Project("{FAE04EC0-301F-11D3-BF4B-00C04F79EFBC}") = "OFinance.API", "OFinance\OFinance.API.csproj", "{6C231E5E-257C-4259-A59C-542D38AB6BDC}"
EndProject
Project("{FAE04EC0-301F-11D3-BF4B-00C04F79EFBC}") = "OFinance.AppHost", "OFinance.AppHost\OFinance.AppHost.csproj", "{5085D47C-D5B9-4BC9-9983-0489E598D6C6}"
EndProject
Project("{FAE04EC0-301F-11D3-BF4B-00C04F79EFBC}") = "OFinance.ServiceDefaults", "OFinance.ServiceDefaults\OFinance.ServiceDefaults.csproj", "{14A9B12C-5E7A-4AEC-AB49-ADE5FE9AC901}"
EndProject
Project("{FAE04EC0-301F-11D3-BF4B-00C04F79EFBC}") = "OFinance.Domain", "OFinance.Domain\OFinance.Domain.csproj", "{F60A791A-CC50-41D0-9865-0D93314D057B}"
EndProject
Project("{FAE04EC0-301F-11D3-BF4B-00C04F79EFBC}") = "OFinance.Application", "OFinance.Application\OFinance.Application.csproj", "{F59DDA1B-A2BA-4BC7-82F8-9A2578383053}"
EndProject
Project("{FAE04EC0-301F-11D3-BF4B-00C04F79EFBC}") = "OFinance.Inrastructure", "OFinance.Inrastructure\OFinance.Inrastructure.csproj", "{293A96C5-818B-4B6F-AE80-2474367F8938}"
EndProject
Global
	GlobalSection(SolutionConfigurationPlatforms) = preSolution
		Debug|Any CPU = Debug|Any CPU
		Release|Any CPU = Release|Any CPU
	EndGlobalSection
	GlobalSection(ProjectConfigurationPlatforms) = postSolution
		{6C231E5E-257C-4259-A59C-542D38AB6BDC}.Debug|Any CPU.ActiveCfg = Debug|Any CPU
		{6C231E5E-257C-4259-A59C-542D38AB6BDC}.Debug|Any CPU.Build.0 = Debug|Any CPU
		{6C231E5E-257C-4259-A59C-542D38AB6BDC}.Release|Any CPU.ActiveCfg = Release|Any CPU
		{6C231E5E-257C-4259-A59C-542D38AB6BDC}.Release|Any CPU.Build.0 = Release|Any CPU
		{5085D47C-D5B9-4BC9-9983-0489E598D6C6}.Debug|Any CPU.ActiveCfg = Debug|Any CPU
		{5085D47C-D5B9-4BC9-9983-0489E598D6C6}.Debug|Any CPU.Build.0 = Debug|Any CPU
		{5085D47C-D5B9-4BC9-9983-0489E598D6C6}.Release|Any CPU.ActiveCfg = Release|Any CPU
		{5085D47C-D5B9-4BC9-9983-0489E598D6C6}.Release|Any CPU.Build.0 = Release|Any CPU
		{14A9B12C-5E7A-4AEC-AB49-ADE5FE9AC901}.Debug|Any CPU.ActiveCfg = Debug|Any CPU
		{14A9B12C-5E7A-4AEC-AB49-ADE5FE9AC901}.Debug|Any CPU.Build.0 = Debug|Any CPU
		{14A9B12C-5E7A-4AEC-AB49-ADE5FE9AC901}.Release|Any CPU.ActiveCfg = Release|Any CPU
		{14A9B12C-5E7A-4AEC-AB49-ADE5FE9AC901}.Release|Any CPU.Build.0 = Release|Any CPU
		{F60A791A-CC50-41D0-9865-0D93314D057B}.Debug|Any CPU.ActiveCfg = Debug|Any CPU
		{F60A791A-CC50-41D0-9865-0D93314D057B}.Debug|Any CPU.Build.0 = Debug|Any CPU
		{F60A791A-CC50-41D0-9865-0D93314D057B}.Release|Any CPU.ActiveCfg = Release|Any CPU
		{F60A791A-CC50-41D0-9865-0D93314D057B}.Release|Any CPU.Build.0 = Release|Any CPU
		{F59DDA1B-A2BA-4BC7-82F8-9A2578383053}.Debug|Any CPU.ActiveCfg = Debug|Any CPU
		{F59DDA1B-A2BA-4BC7-82F8-9A2578383053}.Debug|Any CPU.Build.0 = Debug|Any CPU
		{F59DDA1B-A2BA-4BC7-82F8-9A2578383053}.Release|Any CPU.ActiveCfg = Release|Any CPU
		{F59DDA1B-A2BA-4BC7-82F8-9A2578383053}.Release|Any CPU.Build.0 = Release|Any CPU
		{293A96C5-818B-4B6F-AE80-2474367F8938}.Debug|Any CPU.ActiveCfg = Debug|Any CPU
		{293A96C5-818B-4B6F-AE80-2474367F8938}.Debug|Any CPU.Build.0 = Debug|Any CPU
		{293A96C5-818B-4B6F-AE80-2474367F8938}.Release|Any CPU.ActiveCfg = Release|Any CPU
		{293A96C5-818B-4B6F-AE80-2474367F8938}.Release|Any CPU.Build.0 = Release|Any CPU
	EndGlobalSection
	GlobalSection(SolutionProperties) = preSolution
		HideSolutionNode = FALSE
	EndGlobalSection
EndGlobal
